
Microsoft Visual Studio Solution File, Format Version 12.00
# Visual Studio 15
VisualStudioVersion = 15.0.25920.0
MinimumVisualStudioVersion = 10.0.40219.1
Project("{FAE04EC0-301F-11D3-BF4B-00C04F79EFBC}") = "TestProjectForWikExamples", "TestProjectForWikExamples\TestProjectForWikExamples.csproj", "{E1EA19E9-9EC5-4ED0-B7D1-A58FB40EF5CE}"
EndProject
Project("{FAE04EC0-301F-11D3-BF4B-00C04F79EFBC}") = "UnitTestProject", "UnitTestProject\UnitTestProject.csproj", "{F2D4DE41-BFAD-42B8-9B9C-25551FC2B6E7}"
EndProject
Global
	GlobalSection(SolutionConfigurationPlatforms) = preSolution
		Debug|Any CPU = Debug|Any CPU
		Release|Any CPU = Release|Any CPU
	EndGlobalSection
	GlobalSection(ProjectConfigurationPlatforms) = postSolution
		{E1EA19E9-9EC5-4ED0-B7D1-A58FB40EF5CE}.Debug|Any CPU.ActiveCfg = Debug|Any CPU
		{E1EA19E9-9EC5-4ED0-B7D1-A58FB40EF5CE}.Debug|Any CPU.Build.0 = Debug|Any CPU
		{E1EA19E9-9EC5-4ED0-B7D1-A58FB40EF5CE}.Release|Any CPU.ActiveCfg = Release|Any CPU
		{E1EA19E9-9EC5-4ED0-B7D1-A58FB40EF5CE}.Release|Any CPU.Build.0 = Release|Any CPU
		{F2D4DE41-BFAD-42B8-9B9C-25551FC2B6E7}.Debug|Any CPU.ActiveCfg = Debug|Any CPU
		{F2D4DE41-BFAD-42B8-9B9C-25551FC2B6E7}.Debug|Any CPU.Build.0 = Debug|Any CPU
		{F2D4DE41-BFAD-42B8-9B9C-25551FC2B6E7}.Release|Any CPU.ActiveCfg = Release|Any CPU
		{F2D4DE41-BFAD-42B8-9B9C-25551FC2B6E7}.Release|Any CPU.Build.0 = Release|Any CPU
	EndGlobalSection
	GlobalSection(SolutionProperties) = preSolution
		HideSolutionNode = FALSE
	EndGlobalSection
EndGlobal
